
Microsoft Visual Studio Solution File, Format Version 12.00
# Visual Studio 15
VisualStudioVersion = 15.0.28307.2092
MinimumVisualStudioVersion = 10.0.40219.1
Project("{9A19103F-16F7-4668-BE54-9A1E7A4F7556}") = "gptTest", "gptTest\gptTest.csproj", "{64780B2B-10CB-48C1-872F-9FAD9840D65F}"
EndProject
Global
	GlobalSection(SolutionConfigurationPlatforms) = preSolution
		Debug|Any CPU = Debug|Any CPU
		Release|Any CPU = Release|Any CPU
	EndGlobalSection
	GlobalSection(ProjectConfigurationPlatforms) = postSolution
		{64780B2B-10CB-48C1-872F-9FAD9840D65F}.Debug|Any CPU.ActiveCfg = Debug|Any CPU
		{64780B2B-10CB-48C1-872F-9FAD9840D65F}.Debug|Any CPU.Build.0 = Debug|Any CPU
		{64780B2B-10CB-48C1-872F-9FAD9840D65F}.Release|Any CPU.ActiveCfg = Release|Any CPU
		{64780B2B-10CB-48C1-872F-9FAD9840D65F}.Release|Any CPU.Build.0 = Release|Any CPU
	EndGlobalSection
	GlobalSection(SolutionProperties) = preSolution
		HideSolutionNode = FALSE
	EndGlobalSection
	GlobalSection(ExtensibilityGlobals) = postSolution
		SolutionGuid = {878AE6D2-9DF9-40B4-9C71-15A4B713E7FB}
	EndGlobalSection
EndGlobal
